<?xml version="1.0" encoding="utf-8"?>
<Project ToolsVersion="4.0" xmlns="http://schemas.microsoft.com/developer/msbuild/2003">
  <ItemGroup>
    <Filter Include="Source Files">
      <UniqueIdentifier>{4FC737F1-C7A5-4376-A066-2A32D752A2FF}</UniqueIdentifier>
      <Extensions>cpp;c;cc;cxx;def;odl;idl;hpj;bat;asm;asmx</Extensions>
    </Filter>
    <Filter Include="Header Files">
      <UniqueIdentifier>{93995380-89BD-4b04-88EB-625FBE52EBFB}</UniqueIdentifier>
      <Extensions>h;hh;hpp;hxx;hm;inl;inc;ipp;xsd</Extensions>
    </Filter>
    <Filter Include="Resource Files">
      <UniqueIdentifier>{67DA6AB6-F800-4c08-8B7A-83BB121AAD01}</UniqueIdentifier>
      <Extensions>rc;ico;cur;bmp;dlg;rc2;rct;bin;rgs;gif;jpg;jpeg;jpe;resx;tiff;tif;png;wav;mfcribbon-ms</Extensions>
    </Filter>
    <Filter Include="Header Files\utils">
      <UniqueIdentifier>{d22dbf92-021d-492d-8fd9-0629a039150e}</UniqueIdentifier>
    </Filter>
    <Filter Include="Source Files\utils">
      <UniqueIdentifier>{e66e4117-b2bd-48ab-b6c4-0ff1ebd652fe}</UniqueIdentifier>
    </Filter>
    <Filter Include="Header Files\http">
      <UniqueIdentifier>{884b9ab1-6da9-43b8-81f7-5006caacb358}</UniqueIdentifier>
    </Filter>
    <Filter Include="Header Files\http\message">
      <UniqueIdentifier>{47f44169-17c1-4f14-934c-e3fa5921c9fb}</UniqueIdentifier>
    </Filter>
    <Filter Include="Header Files\http\entity">
      <UniqueIdentifier>{693671c6-793c-4798-b767-5330dc755da2}</UniqueIdentifier>
    </Filter>
    <Filter Include="Header Files\http\request">
      <UniqueIdentifier>{db927fc8-87f0-49a4-97ce-2454b9c0d49d}</UniqueIdentifier>
    </Filter>
    <Filter Include="Header Files\http\response">
      <UniqueIdentifier>{c3caeac3-fe7d-4e3c-9010-da224b1f6578}</UniqueIdentifier>
    </Filter>
    <Filter Include="Source Files\http">
      <UniqueIdentifier>{23a3b2f3-81aa-4b4f-aeb9-83a669e84cf9}</UniqueIdentifier>
    </Filter>
    <Filter Include="Source Files\http\message">
      <UniqueIdentifier>{b9cf537b-3148-4f53-a8d1-853b4a3c5f6a}</UniqueIdentifier>
    </Filter>
    <Filter Include="Source Files\http\entity">
      <UniqueIdentifier>{9452b143-876d-4055-bbf7-439fca13a0d6}</UniqueIdentifier>
    </Filter>
    <Filter Include="Source Files\http\request">
      <UniqueIdentifier>{1ba4570e-191c-4afd-9ea3-3acba205cb7d}</UniqueIdentifier>
    </Filter>
    <Filter Include="Source Files\http\response">
      <UniqueIdentifier>{cf0cc9e6-3da9-4307-b643-10ce7eea5888}</UniqueIdentifier>
    </Filter>
    <Filter Include="Header Files\http\error">
      <UniqueIdentifier>{c3171d27-b9d7-4fb7-ba33-9cc1762cd58b}</UniqueIdentifier>
    </Filter>
    <Filter Include="Source Files\http\error">
      <UniqueIdentifier>{de4f661e-a43a-44b3-ba93-720b562bc002}</UniqueIdentifier>
    </Filter>
    <Filter Include="Header Files\plugin">
      <UniqueIdentifier>{4b011191-4360-404e-b8fc-e176a16c0dd1}</UniqueIdentifier>
    </Filter>
    <Filter Include="Source Files\plugin">
      <UniqueIdentifier>{f9606e03-ceda-4662-b95a-1e723415d7a7}</UniqueIdentifier>
    </Filter>
    <Filter Include="Header Files\site">
      <UniqueIdentifier>{bd34e2af-611f-455b-9b62-176f4eaeee6f}</UniqueIdentifier>
    </Filter>
    <Filter Include="Source Files\site">
      <UniqueIdentifier>{6760922b-a48c-4e82-b8ed-4703c4e520dc}</UniqueIdentifier>
    </Filter>
  </ItemGroup>
  <ItemGroup>
    <ClInclude Include="string_utils.h">
      <Filter>Header Files\utils</Filter>
    </ClInclude>
    <ClInclude Include="lib_utils.h">
      <Filter>Header Files\utils</Filter>
    </ClInclude>
    <ClInclude Include="file_utils.h">
      <Filter>Header Files\utils</Filter>
    </ClInclude>
    <ClInclude Include="general_header.h">
      <Filter>Header Files\http\message</Filter>
    </ClInclude>
    <ClInclude Include="entity_header.h">
      <Filter>Header Files\http\entity</Filter>
    </ClInclude>
    <ClInclude Include="request.h">
      <Filter>Header Files\http\request</Filter>
    </ClInclude>
    <ClInclude Include="request_header.h">
      <Filter>Header Files\http\request</Filter>
    </ClInclude>
    <ClInclude Include="request_line.h">
      <Filter>Header Files\http\request</Filter>
    </ClInclude>
    <ClInclude Include="response.h">
      <Filter>Header Files\http\response</Filter>
    </ClInclude>
    <ClInclude Include="header.h">
      <Filter>Header Files\http</Filter>
    </ClInclude>
    <ClInclude Include="status_line.h">
      <Filter>Header Files\http\response</Filter>
    </ClInclude>
    <ClInclude Include="response_header.h">
      <Filter>Header Files\http\response</Filter>
    </ClInclude>
    <ClInclude Include="win_utils.h">
      <Filter>Header Files\utils</Filter>
    </ClInclude>
    <ClInclude Include="status_code.h">
      <Filter>Header Files\http\response</Filter>
    </ClInclude>
    <ClInclude Include="error.h">
      <Filter>Header Files\http\error</Filter>
    </ClInclude>
    <ClInclude Include="stl_utils.h">
      <Filter>Header Files\utils</Filter>
    </ClInclude>
    <ClInclude Include="wsc_version.h">
      <Filter>Header Files</Filter>
    </ClInclude>
    <ClInclude Include="versioning.h">
      <Filter>Header Files\utils</Filter>
    </ClInclude>
    <ClInclude Include="plugin.h">
      <Filter>Header Files\plugin</Filter>
    </ClInclude>
    <ClInclude Include="line.h">
      <Filter>Header Files\http</Filter>
    </ClInclude>
    <ClInclude Include="plugin_utils.h">
      <Filter>Header Files\plugin</Filter>
    </ClInclude>
    <ClInclude Include="site.h">
      <Filter>Header Files\site</Filter>
    </ClInclude>
    <ClInclude Include="sock_utils.h">
      <Filter>Header Files\utils</Filter>
    </ClInclude>
    <ClInclude Include="mime_types.h">
      <Filter>Header Files\utils</Filter>
    </ClInclude>
    <ClInclude Include="config_map.h">
      <Filter>Header Files\utils</Filter>
    </ClInclude>
    <ClInclude Include="server_config.h">
      <Filter>Header Files\utils</Filter>
    </ClInclude>
    <ClInclude Include="http_utils.h">
      <Filter>Header Files\utils</Filter>
    </ClInclude>
  </ItemGroup>
  <ItemGroup>
    <ClCompile Include="string_utils.cpp">
      <Filter>Source Files\utils</Filter>
    </ClCompile>
    <ClCompile Include="general_header.cpp">
      <Filter>Source Files\http\message</Filter>
    </ClCompile>
    <ClCompile Include="entity_header.cpp">
      <Filter>Source Files\http\entity</Filter>
    </ClCompile>
    <ClCompile Include="request.cpp">
      <Filter>Source Files\http\request</Filter>
    </ClCompile>
    <ClCompile Include="request_header.cpp">
      <Filter>Source Files\http\request</Filter>
    </ClCompile>
    <ClCompile Include="request_line.cpp">
      <Filter>Source Files\http\request</Filter>
    </ClCompile>
    <ClCompile Include="response.cpp">
      <Filter>Source Files\http\response</Filter>
    </ClCompile>
    <ClCompile Include="header.cpp">
      <Filter>Source Files\http</Filter>
    </ClCompile>
    <ClCompile Include="line.cpp">
      <Filter>Source Files\http</Filter>
    </ClCompile>
    <ClCompile Include="status_line.cpp">
      <Filter>Source Files\http\response</Filter>
    </ClCompile>
    <ClCompile Include="response_header.cpp">
      <Filter>Source Files\http\response</Filter>
    </ClCompile>
    <ClCompile Include="lib_utils.cpp">
      <Filter>Source Files\utils</Filter>
    </ClCompile>
    <ClCompile Include="win_utils.cpp">
      <Filter>Source Files\utils</Filter>
    </ClCompile>
    <ClCompile Include="status_code.cpp">
      <Filter>Source Files\http\response</Filter>
    </ClCompile>
    <ClCompile Include="file_utils.cpp">
      <Filter>Source Files\utils</Filter>
    </ClCompile>
    <ClCompile Include="plugin.cpp">
      <Filter>Source Files\plugin</Filter>
    </ClCompile>
    <ClCompile Include="plugin_utils.cpp">
      <Filter>Source Files\plugin</Filter>
    </ClCompile>
    <ClCompile Include="site.cpp">
      <Filter>Source Files\site</Filter>
    </ClCompile>
    <ClCompile Include="sock_utils.cpp">
      <Filter>Source Files\utils</Filter>
    </ClCompile>
    <ClCompile Include="mime_types.cpp">
      <Filter>Source Files\utils</Filter>
    </ClCompile>
    <ClCompile Include="server_config.cpp">
      <Filter>Source Files\utils</Filter>
    </ClCompile>
    <ClCompile Include="error.cpp">
      <Filter>Source Files\http\error</Filter>
    </ClCompile>
    <ClCompile Include="http_utils.cpp">
      <Filter>Source Files\utils</Filter>
    </ClCompile>
  </ItemGroup>
</Project>