<?xml version="1.0" encoding="utf-8"?>
<Project ToolsVersion="4.0" xmlns="http://schemas.microsoft.com/developer/msbuild/2003">
  <ItemGroup>
    <Filter Include="Source Files">
      <UniqueIdentifier>{4FC737F1-C7A5-4376-A066-2A32D752A2FF}</UniqueIdentifier>
      <Extensions>cpp;c;cc;cxx;def;odl;idl;hpj;bat;asm;asmx</Extensions>
    </Filter>
    <Filter Include="Header Files">
      <UniqueIdentifier>{93995380-89BD-4b04-88EB-625FBE52EBFB}</UniqueIdentifier>
      <Extensions>h;hh;hpp;hxx;hm;inl;inc;ipp;xsd</Extensions>
    </Filter>
    <Filter Include="Resource Files">
      <UniqueIdentifier>{67DA6AB6-F800-4c08-8B7A-83BB121AAD01}</UniqueIdentifier>
      <Extensions>rc;ico;cur;bmp;dlg;rc2;rct;bin;rgs;gif;jpg;jpeg;jpe;resx;tiff;tif;png;wav;mfcribbon-ms</Extensions>
    </Filter>
    <Filter Include="Source Files\utils">
      <UniqueIdentifier>{d70384b1-553a-4f9c-87bf-a3cf78d71667}</UniqueIdentifier>
    </Filter>
    <Filter Include="Header Files\utils">
      <UniqueIdentifier>{a1080a22-c48a-41f3-bc48-6e1145ab167b}</UniqueIdentifier>
    </Filter>
    <Filter Include="Header Files\plugin">
      <UniqueIdentifier>{03fe4ca3-2b46-49a5-9439-39ec4f0b7bcd}</UniqueIdentifier>
    </Filter>
    <Filter Include="Source Files\plugin">
      <UniqueIdentifier>{056686c8-685b-4d2d-861f-684e3375b9d9}</UniqueIdentifier>
    </Filter>
    <Filter Include="Header Files\http">
      <UniqueIdentifier>{72d7e872-e6a4-4c15-ae32-ec603c5dc931}</UniqueIdentifier>
    </Filter>
    <Filter Include="Source Files\http">
      <UniqueIdentifier>{5900e995-92f4-4a2a-a2d8-8274aa5bd74a}</UniqueIdentifier>
    </Filter>
    <Filter Include="Header Files\http\request">
      <UniqueIdentifier>{9fd3af29-13e2-4d66-999f-a8266f3ee330}</UniqueIdentifier>
    </Filter>
    <Filter Include="Source Files\http\request">
      <UniqueIdentifier>{c4720c18-4fc5-4003-8711-39306004752d}</UniqueIdentifier>
    </Filter>
    <Filter Include="Header Files\site">
      <UniqueIdentifier>{7e511f7e-7946-414e-bd0c-dd95c4826f1a}</UniqueIdentifier>
    </Filter>
    <Filter Include="Source Files\site">
      <UniqueIdentifier>{6c8af79c-7612-4eff-8dbe-20b7a30008a1}</UniqueIdentifier>
    </Filter>
  </ItemGroup>
  <ItemGroup>
    <ClCompile Include="sock_utils.cpp">
      <Filter>Source Files\utils</Filter>
    </ClCompile>
    <ClCompile Include="plugin_manager.cpp">
      <Filter>Source Files\plugin</Filter>
    </ClCompile>
    <ClCompile Include="webserver.cpp">
      <Filter>Source Files</Filter>
    </ClCompile>
    <ClCompile Include="main.cpp">
      <Filter>Source Files\utils</Filter>
    </ClCompile>
    <ClCompile Include="request_parser.cpp">
      <Filter>Source Files\http\request</Filter>
    </ClCompile>
    <ClCompile Include="site.cpp">
      <Filter>Source Files\site</Filter>
    </ClCompile>
    <ClCompile Include="site_manager.cpp">
      <Filter>Source Files\site</Filter>
    </ClCompile>
    <ClCompile Include="mime_types.cpp">
      <Filter>Source Files\utils</Filter>
    </ClCompile>
  </ItemGroup>
  <ItemGroup>
    <ClInclude Include="sock_utils.h">
      <Filter>Header Files\utils</Filter>
    </ClInclude>
    <ClInclude Include="plugin_manager.h">
      <Filter>Header Files\plugin</Filter>
    </ClInclude>
    <ClInclude Include="webserver.h">
      <Filter>Header Files</Filter>
    </ClInclude>
    <ClInclude Include="request_parser.h">
      <Filter>Header Files\http\request</Filter>
    </ClInclude>
    <ClInclude Include="site.h">
      <Filter>Header Files\site</Filter>
    </ClInclude>
    <ClInclude Include="site_manager.h">
      <Filter>Header Files\site</Filter>
    </ClInclude>
    <ClInclude Include="mime_types.h">
      <Filter>Header Files\utils</Filter>
    </ClInclude>
    <ClInclude Include="ws_version.h">
      <Filter>Header Files</Filter>
    </ClInclude>
  </ItemGroup>
  <ItemGroup>
    <None Include="webserver.cfg">
      <Filter>Resource Files</Filter>
    </None>
    <None Include="mime.types">
      <Filter>Resource Files</Filter>
    </None>
  </ItemGroup>
</Project>